github.com/strosel/audigo v0.0.0-20200105143307-5d0ecc3882b8 h1:Jm5RxqIcRGzWxZATd3FjcHHLQbbvUHm03F4PwVZakS0=
github.com/strosel/audigo v0.0.0-20200105143307-5d0ecc3882b8/go.mod h1:LAyA5jz7OxD9MclEGYfKX9wnYMnZazBYfk8aULnNs6I=
github.com/strosel/audigo v0.0.0-20200111005136-f2e7acf9c0a2 h1:kCcFbZgc9zGL/bNDVs+XnxyMjPGcjmisi7OHc361uoY=
